
Microsoft Visual Studio Solution File, Format Version 12.00
# Visual Studio 15
VisualStudioVersion = 15.0.28307.271
MinimumVisualStudioVersion = 10.0.40219.1
Project("{FAE04EC0-301F-11D3-BF4B-00C04F79EFBC}") = "EFCoreCodeFirstSample", "EFCoreCodeFirstSample\EFCoreCodeFirstSample.csproj", "{F02FE88E-37F6-4FA0-842A-8DB58FE6945B}"
EndProject
Project("{FAE04EC0-301F-11D3-BF4B-00C04F79EFBC}") = "Contracts", "Contracts\Contracts.csproj", "{BAFEBC9D-5678-4053-99BB-98D716F1A191}"
EndProject
Project("{FAE04EC0-301F-11D3-BF4B-00C04F79EFBC}") = "LoggerService", "LoggerService\LoggerService.csproj", "{F7702668-CBC0-4C20-A865-D79B0465A303}"
EndProject
Global
	GlobalSection(SolutionConfigurationPlatforms) = preSolution
		Debug|Any CPU = Debug|Any CPU
		Release|Any CPU = Release|Any CPU
	EndGlobalSection
	GlobalSection(ProjectConfigurationPlatforms) = postSolution
		{F02FE88E-37F6-4FA0-842A-8DB58FE6945B}.Debug|Any CPU.ActiveCfg = Debug|Any CPU
		{F02FE88E-37F6-4FA0-842A-8DB58FE6945B}.Debug|Any CPU.Build.0 = Debug|Any CPU
		{F02FE88E-37F6-4FA0-842A-8DB58FE6945B}.Release|Any CPU.ActiveCfg = Release|Any CPU
		{F02FE88E-37F6-4FA0-842A-8DB58FE6945B}.Release|Any CPU.Build.0 = Release|Any CPU
		{BAFEBC9D-5678-4053-99BB-98D716F1A191}.Debug|Any CPU.ActiveCfg = Debug|Any CPU
		{BAFEBC9D-5678-4053-99BB-98D716F1A191}.Debug|Any CPU.Build.0 = Debug|Any CPU
		{BAFEBC9D-5678-4053-99BB-98D716F1A191}.Release|Any CPU.ActiveCfg = Release|Any CPU
		{BAFEBC9D-5678-4053-99BB-98D716F1A191}.Release|Any CPU.Build.0 = Release|Any CPU
		{F7702668-CBC0-4C20-A865-D79B0465A303}.Debug|Any CPU.ActiveCfg = Debug|Any CPU
		{F7702668-CBC0-4C20-A865-D79B0465A303}.Debug|Any CPU.Build.0 = Debug|Any CPU
		{F7702668-CBC0-4C20-A865-D79B0465A303}.Release|Any CPU.ActiveCfg = Release|Any CPU
		{F7702668-CBC0-4C20-A865-D79B0465A303}.Release|Any CPU.Build.0 = Release|Any CPU
	EndGlobalSection
	GlobalSection(SolutionProperties) = preSolution
		HideSolutionNode = FALSE
	EndGlobalSection
	GlobalSection(ExtensibilityGlobals) = postSolution
		SolutionGuid = {47E55493-023E-44F3-A4E2-F519008EDBBE}
	EndGlobalSection
EndGlobal
